
Microsoft Visual Studio Solution File, Format Version 12.00
# Visual Studio Version 17
VisualStudioVersion = 17.0.32126.317
MinimumVisualStudioVersion = 10.0.40219.1
Project("{FAE04EC0-301F-11D3-BF4B-00C04F79EFBC}") = "MoneyLenderMVC", "MoneyLenderMVC\MoneyLenderMVC.csproj", "{B84F1066-CAE3-4662-A052-9EA2DAF1A80B}"
EndProject
Global
	GlobalSection(SolutionConfigurationPlatforms) = preSolution
		Debug|Any CPU = Debug|Any CPU
		Release|Any CPU = Release|Any CPU
	EndGlobalSection
	GlobalSection(ProjectConfigurationPlatforms) = postSolution
		{B84F1066-CAE3-4662-A052-9EA2DAF1A80B}.Debug|Any CPU.ActiveCfg = Debug|Any CPU
		{B84F1066-CAE3-4662-A052-9EA2DAF1A80B}.Debug|Any CPU.Build.0 = Debug|Any CPU
		{B84F1066-CAE3-4662-A052-9EA2DAF1A80B}.Release|Any CPU.ActiveCfg = Release|Any CPU
		{B84F1066-CAE3-4662-A052-9EA2DAF1A80B}.Release|Any CPU.Build.0 = Release|Any CPU
	EndGlobalSection
	GlobalSection(SolutionProperties) = preSolution
		HideSolutionNode = FALSE
	EndGlobalSection
	GlobalSection(ExtensibilityGlobals) = postSolution
		SolutionGuid = {A39CB378-2010-4EC7-A582-B54D5F9BD7F1}
	EndGlobalSection
EndGlobal
